
Microsoft Visual Studio Solution File, Format Version 12.00
# Visual Studio Version 17
VisualStudioVersion = 17.4.33213.308
MinimumVisualStudioVersion = 10.0.40219.1
Project("{FAE04EC0-301F-11D3-BF4B-00C04F79EFBC}") = "Chapter 12", "Chapter 12\Chapter 12.csproj", "{BB241A88-6068-4A92-9006-DED6B1F5D88C}"
EndProject
Global
	GlobalSection(SolutionConfigurationPlatforms) = preSolution
		Debug|Any CPU = Debug|Any CPU
		Release|Any CPU = Release|Any CPU
	EndGlobalSection
	GlobalSection(ProjectConfigurationPlatforms) = postSolution
		{BB241A88-6068-4A92-9006-DED6B1F5D88C}.Debug|Any CPU.ActiveCfg = Debug|Any CPU
		{BB241A88-6068-4A92-9006-DED6B1F5D88C}.Debug|Any CPU.Build.0 = Debug|Any CPU
		{BB241A88-6068-4A92-9006-DED6B1F5D88C}.Release|Any CPU.ActiveCfg = Release|Any CPU
		{BB241A88-6068-4A92-9006-DED6B1F5D88C}.Release|Any CPU.Build.0 = Release|Any CPU
	EndGlobalSection
	GlobalSection(SolutionProperties) = preSolution
		HideSolutionNode = FALSE
	EndGlobalSection
	GlobalSection(ExtensibilityGlobals) = postSolution
		SolutionGuid = {390679D9-5404-4E53-AA99-9D4B029D1D18}
	EndGlobalSection
EndGlobal
