
Microsoft Visual Studio Solution File, Format Version 12.00
# Visual Studio Version 17
VisualStudioVersion = 17.4.33213.308
MinimumVisualStudioVersion = 10.0.40219.1
Project("{FAE04EC0-301F-11D3-BF4B-00C04F79EFBC}") = "Chapter10", "Chapter10\Chapter10.csproj", "{DDCCF7E3-03C0-454E-B0EE-6C7038AD4A92}"
EndProject
Global
	GlobalSection(SolutionConfigurationPlatforms) = preSolution
		Debug|Any CPU = Debug|Any CPU
		Release|Any CPU = Release|Any CPU
	EndGlobalSection
	GlobalSection(ProjectConfigurationPlatforms) = postSolution
		{DDCCF7E3-03C0-454E-B0EE-6C7038AD4A92}.Debug|Any CPU.ActiveCfg = Debug|Any CPU
		{DDCCF7E3-03C0-454E-B0EE-6C7038AD4A92}.Debug|Any CPU.Build.0 = Debug|Any CPU
		{DDCCF7E3-03C0-454E-B0EE-6C7038AD4A92}.Release|Any CPU.ActiveCfg = Release|Any CPU
		{DDCCF7E3-03C0-454E-B0EE-6C7038AD4A92}.Release|Any CPU.Build.0 = Release|Any CPU
	EndGlobalSection
	GlobalSection(SolutionProperties) = preSolution
		HideSolutionNode = FALSE
	EndGlobalSection
	GlobalSection(ExtensibilityGlobals) = postSolution
		SolutionGuid = {EB82B7E0-9B91-42CE-8650-15D829FA1984}
	EndGlobalSection
EndGlobal
