
Microsoft Visual Studio Solution File, Format Version 12.00
# Visual Studio Version 17
VisualStudioVersion = 17.4.33213.308
MinimumVisualStudioVersion = 10.0.40219.1
Project("{FAE04EC0-301F-11D3-BF4B-00C04F79EFBC}") = "Chapter 11", "Chapter 11\Chapter 11.csproj", "{B088127B-5158-4E4B-B90B-E9ACD5CEEBD0}"
EndProject
Global
	GlobalSection(SolutionConfigurationPlatforms) = preSolution
		Debug|Any CPU = Debug|Any CPU
		Release|Any CPU = Release|Any CPU
	EndGlobalSection
	GlobalSection(ProjectConfigurationPlatforms) = postSolution
		{B088127B-5158-4E4B-B90B-E9ACD5CEEBD0}.Debug|Any CPU.ActiveCfg = Debug|Any CPU
		{B088127B-5158-4E4B-B90B-E9ACD5CEEBD0}.Debug|Any CPU.Build.0 = Debug|Any CPU
		{B088127B-5158-4E4B-B90B-E9ACD5CEEBD0}.Release|Any CPU.ActiveCfg = Release|Any CPU
		{B088127B-5158-4E4B-B90B-E9ACD5CEEBD0}.Release|Any CPU.Build.0 = Release|Any CPU
	EndGlobalSection
	GlobalSection(SolutionProperties) = preSolution
		HideSolutionNode = FALSE
	EndGlobalSection
	GlobalSection(ExtensibilityGlobals) = postSolution
		SolutionGuid = {1B371073-6042-4DEF-BF37-B77C04061741}
	EndGlobalSection
EndGlobal
