
Microsoft Visual Studio Solution File, Format Version 12.00
# Visual Studio Version 17
VisualStudioVersion = 17.7.34024.191
MinimumVisualStudioVersion = 10.0.40219.1
Project("{FAE04EC0-301F-11D3-BF4B-00C04F79EFBC}") = "Chapter12__", "Chapter12__\Chapter12__.csproj", "{76EAB553-A1B1-429B-B54C-FF0FC58E014A}"
EndProject
Global
	GlobalSection(SolutionConfigurationPlatforms) = preSolution
		Debug|Any CPU = Debug|Any CPU
		Release|Any CPU = Release|Any CPU
	EndGlobalSection
	GlobalSection(ProjectConfigurationPlatforms) = postSolution
		{76EAB553-A1B1-429B-B54C-FF0FC58E014A}.Debug|Any CPU.ActiveCfg = Debug|Any CPU
		{76EAB553-A1B1-429B-B54C-FF0FC58E014A}.Debug|Any CPU.Build.0 = Debug|Any CPU
		{76EAB553-A1B1-429B-B54C-FF0FC58E014A}.Release|Any CPU.ActiveCfg = Release|Any CPU
		{76EAB553-A1B1-429B-B54C-FF0FC58E014A}.Release|Any CPU.Build.0 = Release|Any CPU
	EndGlobalSection
	GlobalSection(SolutionProperties) = preSolution
		HideSolutionNode = FALSE
	EndGlobalSection
	GlobalSection(ExtensibilityGlobals) = postSolution
		SolutionGuid = {0785530A-8DAA-4A67-A761-2247AD56D29C}
	EndGlobalSection
EndGlobal
