
Microsoft Visual Studio Solution File, Format Version 12.00
# Visual Studio Version 17
VisualStudioVersion = 17.4.33213.308
MinimumVisualStudioVersion = 10.0.40219.1
Project("{FAE04EC0-301F-11D3-BF4B-00C04F79EFBC}") = "Chapter13", "Chapter13\Chapter13.csproj", "{B61CC760-D042-4DF1-B906-81FE12590378}"
EndProject
Global
	GlobalSection(SolutionConfigurationPlatforms) = preSolution
		Debug|Any CPU = Debug|Any CPU
		Release|Any CPU = Release|Any CPU
	EndGlobalSection
	GlobalSection(ProjectConfigurationPlatforms) = postSolution
		{B61CC760-D042-4DF1-B906-81FE12590378}.Debug|Any CPU.ActiveCfg = Debug|Any CPU
		{B61CC760-D042-4DF1-B906-81FE12590378}.Debug|Any CPU.Build.0 = Debug|Any CPU
		{B61CC760-D042-4DF1-B906-81FE12590378}.Release|Any CPU.ActiveCfg = Release|Any CPU
		{B61CC760-D042-4DF1-B906-81FE12590378}.Release|Any CPU.Build.0 = Release|Any CPU
	EndGlobalSection
	GlobalSection(SolutionProperties) = preSolution
		HideSolutionNode = FALSE
	EndGlobalSection
	GlobalSection(ExtensibilityGlobals) = postSolution
		SolutionGuid = {AF956410-889F-47C4-B871-AF89EDE9621B}
	EndGlobalSection
EndGlobal
