
Microsoft Visual Studio Solution File, Format Version 12.00
# Visual Studio Version 17
VisualStudioVersion = 17.4.33213.308
MinimumVisualStudioVersion = 10.0.40219.1
Project("{FAE04EC0-301F-11D3-BF4B-00C04F79EFBC}") = "Chapter17_", "Chapter17_\Chapter17_.csproj", "{F96009B1-EFC6-4034-8E1C-86C672AB5A73}"
EndProject
Global
	GlobalSection(SolutionConfigurationPlatforms) = preSolution
		Debug|Any CPU = Debug|Any CPU
		Release|Any CPU = Release|Any CPU
	EndGlobalSection
	GlobalSection(ProjectConfigurationPlatforms) = postSolution
		{F96009B1-EFC6-4034-8E1C-86C672AB5A73}.Debug|Any CPU.ActiveCfg = Debug|Any CPU
		{F96009B1-EFC6-4034-8E1C-86C672AB5A73}.Debug|Any CPU.Build.0 = Debug|Any CPU
		{F96009B1-EFC6-4034-8E1C-86C672AB5A73}.Release|Any CPU.ActiveCfg = Release|Any CPU
		{F96009B1-EFC6-4034-8E1C-86C672AB5A73}.Release|Any CPU.Build.0 = Release|Any CPU
	EndGlobalSection
	GlobalSection(SolutionProperties) = preSolution
		HideSolutionNode = FALSE
	EndGlobalSection
	GlobalSection(ExtensibilityGlobals) = postSolution
		SolutionGuid = {1428E766-5B2E-4202-8641-DB7F8E0F1E93}
	EndGlobalSection
EndGlobal
